// !$*UTF8*$!
{
	archiveVersion = 1;
	classes = {
	};
	objectVersion = 46;
	objects = {

/* Begin PBXBuildFile section */
		807534FA17DF0C780087A8F3 /* Foundation.framework in Frameworks */ = {isa = PBXBuildFile; fileRef = 807534F917DF0C780087A8F3 /* Foundation.framework */; };
		807534FC17DF0C780087A8F3 /* CoreGraphics.framework in Frameworks */ = {isa = PBXBuildFile; fileRef = 807534FB17DF0C780087A8F3 /* CoreGraphics.framework */; };
		807534FE17DF0C780087A8F3 /* UIKit.framework in Frameworks */ = {isa = PBXBuildFile; fileRef = 807534FD17DF0C780087A8F3 /* UIKit.framework */; };
		8075350417DF0C790087A8F3 /* InfoPlist.strings in Resources */ = {isa = PBXBuildFile; fileRef = 8075350217DF0C790087A8F3 /* InfoPlist.strings */; };
		8075350617DF0C790087A8F3 /* main.m in Sources */ = {isa = PBXBuildFile; fileRef = 8075350517DF0C790087A8F3 /* main.m */; };
		8075350A17DF0C790087A8F3 /* AppDelegate.m in Sources */ = {isa = PBXBuildFile; fileRef = 8075350917DF0C790087A8F3 /* AppDelegate.m */; };
		8075350C17DF0C790087A8F3 /* Images.xcassets in Resources */ = {isa = PBXBuildFile; fileRef = 8075350B17DF0C790087A8F3 /* Images.xcassets */; };
		8075352A17DF0C980087A8F3 /* SWMainViewController.m in Sources */ = {isa = PBXBuildFile; fileRef = 8075352917DF0C980087A8F3 /* SWMainViewController.m */; };
		8075353117DF18330087A8F3 /* SWRefreshControl.m in Sources */ = {isa = PBXBuildFile; fileRef = 8075353017DF18330087A8F3 /* SWRefreshControl.m */; };
/* End PBXBuildFile section */

/* Begin PBXFileReference section */
		807534F617DF0C780087A8F3 /* Refresh control improvements.app */ = {isa = PBXFileReference; explicitFileType = wrapper.application; includeInIndex = 0; path = "Refresh control improvements.app"; sourceTree = BUILT_PRODUCTS_DIR; };
		807534F917DF0C780087A8F3 /* Foundation.framework */ = {isa = PBXFileReference; lastKnownFileType = wrapper.framework; name = Foundation.framework; path = System/Library/Frameworks/Foundation.framework; sourceTree = SDKROOT; };
		807534FB17DF0C780087A8F3 /* CoreGraphics.framework */ = {isa = PBXFileReference; lastKnownFileType = wrapper.framework; name = CoreGraphics.framework; path = System/Library/Frameworks/CoreGraphics.framework; sourceTree = SDKROOT; };
		807534FD17DF0C780087A8F3 /* UIKit.framework */ = {isa = PBXFileReference; lastKnownFileType = wrapper.framework; name = UIKit.framework; path = System/Library/Frameworks/UIKit.framework; sourceTree = SDKROOT; };
		8075350317DF0C790087A8F3 /* en */ = {isa = PBXFileReference; lastKnownFileType = text.plist.strings; name = en; path = en.lproj/InfoPlist.strings; sourceTree = "<group>"; };
		8075350517DF0C790087A8F3 /* main.m */ = {isa = PBXFileReference; lastKnownFileType = sourcecode.c.objc; path = main.m; sourceTree = "<group>"; };
		8075350817DF0C790087A8F3 /* AppDelegate.h */ = {isa = PBXFileReference; lastKnownFileType = sourcecode.c.h; path = AppDelegate.h; sourceTree = "<group>"; };
		8075350917DF0C790087A8F3 /* AppDelegate.m */ = {isa = PBXFileReference; lastKnownFileType = sourcecode.c.objc; path = AppDelegate.m; sourceTree = "<group>"; };
		8075350B17DF0C790087A8F3 /* Images.xcassets */ = {isa = PBXFileReference; lastKnownFileType = folder.assetcatalog; path = Images.xcassets; sourceTree = "<group>"; };
		8075352817DF0C980087A8F3 /* SWMainViewController.h */ = {isa = PBXFileReference; fileEncoding = 4; lastKnownFileType = sourcecode.c.h; path = SWMainViewController.h; sourceTree = "<group>"; };
		8075352917DF0C980087A8F3 /* SWMainViewController.m */ = {isa = PBXFileReference; fileEncoding = 4; lastKnownFileType = sourcecode.c.objc; path = SWMainViewController.m; sourceTree = "<group>"; };
		8075352F17DF18330087A8F3 /* SWRefreshControl.h */ = {isa = PBXFileReference; fileEncoding = 4; lastKnownFileType = sourcecode.c.h; path = SWRefreshControl.h; sourceTree = "<group>"; };
		8075353017DF18330087A8F3 /* SWRefreshControl.m */ = {isa = PBXFileReference; fileEncoding = 4; lastKnownFileType = sourcecode.c.objc; path = SWRefreshControl.m; sourceTree = "<group>"; };
		8075353617DF1B160087A8F3 /* Refresh control improvements-Info.plist */ = {isa = PBXFileReference; fileEncoding = 4; lastKnownFileType = text.plist.xml; path = "Refresh control improvements-Info.plist"; sourceTree = "<group>"; };
		8075353717DF1B160087A8F3 /* Refresh control improvements-Prefix.pch */ = {isa = PBXFileReference; fileEncoding = 4; lastKnownFileType = sourcecode.c.h; path = "Refresh control improvements-Prefix.pch"; sourceTree = "<group>"; };
/* End PBXFileReference section */

/* Begin PBXFrameworksBuildPhase section */
		807534F317DF0C780087A8F3 /* Frameworks */ = {
			isa = PBXFrameworksBuildPhase;
			buildActionMask = 2147483647;
			files = (
				807534FC17DF0C780087A8F3 /* CoreGraphics.framework in Frameworks */,
				807534FE17DF0C780087A8F3 /* UIKit.framework in Frameworks */,
				807534FA17DF0C780087A8F3 /* Foundation.framework in Frameworks */,
			);
			runOnlyForDeploymentPostprocessing = 0;
		};
/* End PBXFrameworksBuildPhase section */

/* Begin PBXGroup section */
		807534ED17DF0C780087A8F3 = {
			isa = PBXGroup;
			children = (
				807534FF17DF0C790087A8F3 /* Refresh Control improvements */,
				807534F817DF0C780087A8F3 /* Frameworks */,
				807534F717DF0C780087A8F3 /* Products */,
			);
			sourceTree = "<group>";
		};
		807534F717DF0C780087A8F3 /* Products */ = {
			isa = PBXGroup;
			children = (
				807534F617DF0C780087A8F3 /* Refresh control improvements.app */,
			);
			name = Products;
			sourceTree = "<group>";
		};
		807534F817DF0C780087A8F3 /* Frameworks */ = {
			isa = PBXGroup;
			children = (
				807534F917DF0C780087A8F3 /* Foundation.framework */,
				807534FB17DF0C780087A8F3 /* CoreGraphics.framework */,
				807534FD17DF0C780087A8F3 /* UIKit.framework */,
			);
			name = Frameworks;
			sourceTree = "<group>";
		};
		807534FF17DF0C790087A8F3 /* Refresh Control improvements */ = {
			isa = PBXGroup;
			children = (
				8075350817DF0C790087A8F3 /* AppDelegate.h */,
				8075350917DF0C790087A8F3 /* AppDelegate.m */,
				8075350B17DF0C790087A8F3 /* Images.xcassets */,
				8075350017DF0C790087A8F3 /* Supporting Files */,
				8075352817DF0C980087A8F3 /* SWMainViewController.h */,
				8075352917DF0C980087A8F3 /* SWMainViewController.m */,
				8075352E17DF18330087A8F3 /* SWRefreshControl */,
			);
			name = "Refresh Control improvements";
			path = "Refresh control improvements";
			sourceTree = "<group>";
		};
		8075350017DF0C790087A8F3 /* Supporting Files */ = {
			isa = PBXGroup;
			children = (
				8075353617DF1B160087A8F3 /* Refresh control improvements-Info.plist */,
				8075353717DF1B160087A8F3 /* Refresh control improvements-Prefix.pch */,
				8075350217DF0C790087A8F3 /* InfoPlist.strings */,
				8075350517DF0C790087A8F3 /* main.m */,
			);
			name = "Supporting Files";
			sourceTree = "<group>";
		};
		8075352E17DF18330087A8F3 /* SWRefreshControl */ = {
			isa = PBXGroup;
			children = (
				8075352F17DF18330087A8F3 /* SWRefreshControl.h */,
				8075353017DF18330087A8F3 /* SWRefreshControl.m */,
			);
			path = SWRefreshControl;
			sourceTree = "<group>";
		};
/* End PBXGroup section */

/* Begin PBXNativeTarget section */
		807534F517DF0C780087A8F3 /* Refresh control improvements */ = {
			isa = PBXNativeTarget;
			buildConfigurationList = 8075352217DF0C790087A8F3 /* Build configuration list for PBXNativeTarget "Refresh control improvements" */;
			buildPhases = (
				807534F217DF0C780087A8F3 /* Sources */,
				807534F317DF0C780087A8F3 /* Frameworks */,
				807534F417DF0C780087A8F3 /* Resources */,
			);
			buildRules = (
			);
			dependencies = (
			);
			name = "Refresh control improvements";
			productName = "refresh test";
			productReference = 807534F617DF0C780087A8F3 /* Refresh control improvements.app */;
			productType = "com.apple.product-type.application";
		};
/* End PBXNativeTarget section */

/* Begin PBXProject section */
		807534EE17DF0C780087A8F3 /* Project object */ = {
			isa = PBXProject;
			attributes = {
				LastUpgradeCheck = 0500;
				ORGANIZATIONNAME = "Simon Westerlund";
			};
			buildConfigurationList = 807534F117DF0C780087A8F3 /* Build configuration list for PBXProject "Refresh control improvements" */;
			compatibilityVersion = "Xcode 3.2";
			developmentRegion = English;
			hasScannedForEncodings = 0;
			knownRegions = (
				en,
			);
			mainGroup = 807534ED17DF0C780087A8F3;
			productRefGroup = 807534F717DF0C780087A8F3 /* Products */;
			projectDirPath = "";
			projectRoot = "";
			targets = (
				807534F517DF0C780087A8F3 /* Refresh control improvements */,
			);
		};
/* End PBXProject section */

/* Begin PBXResourcesBuildPhase section */
		807534F417DF0C780087A8F3 /* Resources */ = {
			isa = PBXResourcesBuildPhase;
			buildActionMask = 2147483647;
			files = (
				8075350417DF0C790087A8F3 /* InfoPlist.strings in Resources */,
				8075350C17DF0C790087A8F3 /* Images.xcassets in Resources */,
			);
			runOnlyForDeploymentPostprocessing = 0;
		};
/* End PBXResourcesBuildPhase section */

/* Begin PBXSourcesBuildPhase section */
		807534F217DF0C780087A8F3 /* Sources */ = {
			isa = PBXSourcesBuildPhase;
			buildActionMask = 2147483647;
			files = (
				8075352A17DF0C980087A8F3 /* SWMainViewController.m in Sources */,
				8075350A17DF0C790087A8F3 /* AppDelegate.m in Sources */,
				8075350617DF0C790087A8F3 /* main.m in Sources */,
				8075353117DF18330087A8F3 /* SWRefreshControl.m in Sources */,
			);
			runOnlyForDeploymentPostprocessing = 0;
		};
/* End PBXSourcesBuildPhase section */

/* Begin PBXVariantGroup section */
		8075350217DF0C790087A8F3 /* InfoPlist.strings */ = {
			isa = PBXVariantGroup;
			children = (
				8075350317DF0C790087A8F3 /* en */,
			);
			name = InfoPlist.strings;
			sourceTree = "<group>";
		};
/* End PBXVariantGroup section */

/* Begin XCBuildConfiguration section */
		8075352017DF0C790087A8F3 /* Debug */ = {
			isa = XCBuildConfiguration;
			buildSettings = {
				ALWAYS_SEARCH_USER_PATHS = NO;
				CLANG_CXX_LANGUAGE_STANDARD = "gnu++0x";
				CLANG_CXX_LIBRARY = "libc++";
				CLANG_ENABLE_MODULES = YES;
				CLANG_ENABLE_OBJC_ARC = YES;
				CLANG_WARN_BOOL_CONVERSION = YES;
				CLANG_WARN_CONSTANT_CONVERSION = YES;
				CLANG_WARN_DIRECT_OBJC_ISA_USAGE = YES_ERROR;
				CLANG_WARN_EMPTY_BODY = YES;
				CLANG_WARN_ENUM_CONVERSION = YES;
				CLANG_WARN_INT_CONVERSION = YES;
				CLANG_WARN_OBJC_ROOT_CLASS = YES_ERROR;
				CLANG_WARN__DUPLICATE_METHOD_MATCH = YES;
				"CODE_SIGN_IDENTITY[sdk=iphoneos*]" = "iPhone Developer";
				COPY_PHASE_STRIP = NO;
				GCC_C_LANGUAGE_STANDARD = gnu99;
				GCC_DYNAMIC_NO_PIC = NO;
				GCC_OPTIMIZATION_LEVEL = 0;
				GCC_PREPROCESSOR_DEFINITIONS = (
					"DEBUG=1",
					"$(inherited)",
				);
				GCC_SYMBOLS_PRIVATE_EXTERN = NO;
				GCC_WARN_ABOUT_RETURN_TYPE = YES_ERROR;
				GCC_WARN_UNDECLARED_SELECTOR = YES;
				GCC_WARN_UNINITIALIZED_AUTOS = YES;
				GCC_WARN_UNUSED_FUNCTION = YES;
				GCC_WARN_UNUSED_VARIABLE = YES;
				IPHONEOS_DEPLOYMENT_TARGET = 7.0;
				ONLY_ACTIVE_ARCH = YES;
				SDKROOT = iphoneos;
				TARGETED_DEVICE_FAMILY = "1,2";
			};
			name = Debug;
		};
		8075352117DF0C790087A8F3 /* Release */ = {
			isa = XCBuildConfiguration;
			buildSettings = {
				ALWAYS_SEARCH_USER_PATHS = NO;
				CLANG_CXX_LANGUAGE_STANDARD = "gnu++0x";
				CLANG_CXX_LIBRARY = "libc++";
				CLANG_ENABLE_MODULES = YES;
				CLANG_ENABLE_OBJC_ARC = YES;
				CLANG_WARN_BOOL_CONVERSION = YES;
				CLANG_WARN_CONSTANT_CONVERSION = YES;
				CLANG_WARN_DIRECT_OBJC_ISA_USAGE = YES_ERROR;
				CLANG_WARN_EMPTY_BODY = YES;
				CLANG_WARN_ENUM_CONVERSION = YES;
				CLANG_WARN_INT_CONVERSION = YES;
				CLANG_WARN_OBJC_ROOT_CLASS = YES_ERROR;
				CLANG_WARN__DUPLICATE_METHOD_MATCH = YES;
				"CODE_SIGN_IDENTITY[sdk=iphoneos*]" = "iPhone Developer";
				COPY_PHASE_STRIP = YES;
				ENABLE_NS_ASSERTIONS = NO;
				GCC_C_LANGUAGE_STANDARD = gnu99;
				GCC_WARN_ABOUT_RETURN_TYPE = YES_ERROR;
				GCC_WARN_UNDECLARED_SELECTOR = YES;
				GCC_WARN_UNINITIALIZED_AUTOS = YES;
				GCC_WARN_UNUSED_FUNCTION = YES;
				GCC_WARN_UNUSED_VARIABLE = YES;
				IPHONEOS_DEPLOYMENT_TARGET = 7.0;
				SDKROOT = iphoneos;
				TARGETED_DEVICE_FAMILY = "1,2";
				VALIDATE_PRODUCT = YES;
			};
			name = Release;
		};
		8075352317DF0C790087A8F3 /* Debug */ = {
			isa = XCBuildConfiguration;
			buildSettings = {
				ASSETCATALOG_COMPILER_APPICON_NAME = AppIcon;
				ASSETCATALOG_COMPILER_LAUNCHIMAGE_NAME = LaunchImage;
				GCC_PRECOMPILE_PREFIX_HEADER = YES;
				GCC_PREFIX_HEADER = "Refresh control improvements/Refresh control improvements-Prefix.pch";
				INFOPLIST_FILE = "Refresh control improvements/Refresh control improvements-Info.plist";
				IPHONEOS_DEPLOYMENT_TARGET = 6.0;
				PRODUCT_NAME = "Refresh control improvements";
				WRAPPER_EXTENSION = app;
			};
			name = Debug;
		};
		8075352417DF0C790087A8F3 /* Release */ = {
			isa = XCBuildConfiguration;
			buildSettings = {
				ASSETCATALOG_COMPILER_APPICON_NAME = AppIcon;
				ASSETCATALOG_COMPILER_LAUNCHIMAGE_NAME = LaunchImage;
				GCC_PRECOMPILE_PREFIX_HEADER = YES;
				GCC_PREFIX_HEADER = "Refresh control improvements/Refresh control improvements-Prefix.pch";
				INFOPLIST_FILE = "Refresh control improvements/Refresh control improvements-Info.plist";
				IPHONEOS_DEPLOYMENT_TARGET = 6.0;
				PRODUCT_NAME = "Refresh control improvements";
				WRAPPER_EXTENSION = app;
			};
			name = Release;
		};
/* End XCBuildConfiguration section */

/* Begin XCConfigurationList section */
		807534F117DF0C780087A8F3 /* Build configuration list for PBXProject "Refresh control improvements" */ = {
			isa = XCConfigurationList;
			buildConfigurations = (
				8075352017DF0C790087A8F3 /* Debug */,
				8075352117DF0C790087A8F3 /* Release */,
			);
			defaultConfigurationIsVisible = 0;
			defaultConfigurationName = Release;
		};
		8075352217DF0C790087A8F3 /* Build configuration list for PBXNativeTarget "Refresh control improvements" */ = {
			isa = XCConfigurationList;
			buildConfigurations = (
				8075352317DF0C790087A8F3 /* Debug */,
				8075352417DF0C790087A8F3 /* Release */,
			);
			defaultConfigurationIsVisible = 0;
			defaultConfigurationName = Release;
		};
/* End XCConfigurationList section */
	};
	rootObject = 807534EE17DF0C780087A8F3 /* Project object */;
}
